{
  "version": 4,
  "terraform_version": "1.2.4",
  "serial": 10,
  "lineage": "a50416d2-e50b-bec6-9379-010b2654c344",
  "outputs": {},
  "resources": [
    {
      "mode": "data",
      "type": "archive_file",
      "name": "source",
      "provider": "provider[\"registry.terraform.io/hashicorp/archive\"]",
      "instances": [
        {
          "schema_version": 0,
          "attributes": {
            "excludes": null,
            "id": "d5fa31c53add3c99c377b82bd021a746343ed199",
            "output_base64sha256": "OeYV6sSH0Q5tZl6+grenJ53ZTjsZUOqO/IHmG3etuTM=",
            "output_file_mode": null,
            "output_md5": "34f1c82260472086e19b4da93756bcfe",
            "output_path": "/tmp/function.zip",
            "output_sha": "d5fa31c53add3c99c377b82bd021a746343ed199",
            "output_size": 712,
            "source": [],
            "source_content": null,
            "source_content_filename": null,
            "source_dir": "../src",
            "source_file": null,
            "type": "zip"
          },
          "sensitive_attributes": []
        }
      ]
    },
    {
      "mode": "managed",
      "type": "google_cloudfunctions_function",
      "name": "function",
      "provider": "provider[\"registry.terraform.io/hashicorp/google\"]",
      "instances": [
        {
          "schema_version": 0,
          "attributes": {
            "available_memory_mb": 128,
            "build_environment_variables": null,
            "description": "",
            "docker_registry": "CONTAINER_REGISTRY",
            "docker_repository": "",
            "entry_point": "fooPure",
            "environment_variables": null,
            "event_trigger": [
              {
                "event_type": "google.storage.object.finalize",
                "failure_policy": [
                  {
                    "retry": false
                  }
                ],
                "resource": "projects/cloud-work-314310/buckets/cloud-work-314310-input"
              }
            ],
            "https_trigger_security_level": null,
            "https_trigger_url": null,
            "id": "projects/cloud-work-314310/locations/us-central1/functions/function-trigger-on-gcs",
            "ingress_settings": "ALLOW_ALL",
            "kms_key_name": "",
            "labels": null,
            "max_instances": 0,
            "min_instances": 0,
            "name": "function-trigger-on-gcs",
            "project": "cloud-work-314310",
            "region": "us-central1",
            "runtime": "python38",
            "secret_environment_variables": [],
            "secret_volumes": [],
            "service_account_email": "cloud-work-314310@appspot.gserviceaccount.com",
            "source_archive_bucket": "cloud-work-314310-function",
            "source_archive_object": "src-34f1c82260472086e19b4da93756bcfe.zip",
            "source_repository": [],
            "timeout": 60,
            "timeouts": null,
            "trigger_http": null,
            "vpc_connector": "",
            "vpc_connector_egress_settings": ""
          },
          "sensitive_attributes": [],
          "private": "eyJlMmJmYjczMC1lY2FhLTExZTYtOGY4OC0zNDM2M2JjN2M0YzAiOnsiY3JlYXRlIjozMDAwMDAwMDAwMDAsImRlbGV0ZSI6MzAwMDAwMDAwMDAwLCJyZWFkIjozMDAwMDAwMDAwMDAsInVwZGF0ZSI6MzAwMDAwMDAwMDAwfX0=",
          "dependencies": [
            "google_storage_bucket.function_bucket",
            "google_storage_bucket_object.zip"
          ]
        }
      ]
    },
    {
      "mode": "managed",
      "type": "google_storage_bucket",
      "name": "function_bucket",
      "provider": "provider[\"registry.terraform.io/hashicorp/google\"]",
      "instances": [
        {
          "schema_version": 0,
          "attributes": {
            "cors": [],
            "default_event_based_hold": false,
            "encryption": [],
            "force_destroy": false,
            "id": "cloud-work-314310-function",
            "labels": {},
            "lifecycle_rule": [],
            "location": "US-CENTRAL1",
            "logging": [],
            "name": "cloud-work-314310-function",
            "project": "cloud-work-314310",
            "requester_pays": false,
            "retention_policy": [],
            "self_link": "https://www.googleapis.com/storage/v1/b/cloud-work-314310-function",
            "storage_class": "STANDARD",
            "timeouts": null,
            "uniform_bucket_level_access": false,
            "url": "gs://cloud-work-314310-function",
            "versioning": [],
            "website": []
          },
          "sensitive_attributes": [],
          "private": "eyJlMmJmYjczMC1lY2FhLTExZTYtOGY4OC0zNDM2M2JjN2M0YzAiOnsiY3JlYXRlIjoyNDAwMDAwMDAwMDAsInJlYWQiOjI0MDAwMDAwMDAwMCwidXBkYXRlIjoyNDAwMDAwMDAwMDB9fQ=="
        }
      ]
    },
    {
      "mode": "managed",
      "type": "google_storage_bucket",
      "name": "input_bucket",
      "provider": "provider[\"registry.terraform.io/hashicorp/google\"]",
      "instances": [
        {
          "schema_version": 0,
          "attributes": {
            "cors": [],
            "default_event_based_hold": false,
            "encryption": [],
            "force_destroy": false,
            "id": "cloud-work-314310-input",
            "labels": {},
            "lifecycle_rule": [],
            "location": "US-CENTRAL1",
            "logging": [],
            "name": "cloud-work-314310-input",
            "project": "cloud-work-314310",
            "requester_pays": false,
            "retention_policy": [],
            "self_link": "https://www.googleapis.com/storage/v1/b/cloud-work-314310-input",
            "storage_class": "STANDARD",
            "timeouts": null,
            "uniform_bucket_level_access": false,
            "url": "gs://cloud-work-314310-input",
            "versioning": [],
            "website": []
          },
          "sensitive_attributes": [],
          "private": "eyJlMmJmYjczMC1lY2FhLTExZTYtOGY4OC0zNDM2M2JjN2M0YzAiOnsiY3JlYXRlIjoyNDAwMDAwMDAwMDAsInJlYWQiOjI0MDAwMDAwMDAwMCwidXBkYXRlIjoyNDAwMDAwMDAwMDB9fQ=="
        }
      ]
    },
    {
      "mode": "managed",
      "type": "google_storage_bucket_object",
      "name": "zip",
      "provider": "provider[\"registry.terraform.io/hashicorp/google\"]",
      "instances": [
        {
          "schema_version": 0,
          "attributes": {
            "bucket": "cloud-work-314310-function",
            "cache_control": "",
            "content": null,
            "content_disposition": "",
            "content_encoding": "",
            "content_language": "",
            "content_type": "application/zip",
            "crc32c": "O3zmPg==",
            "customer_encryption": [],
            "detect_md5hash": "NPHIImBHIIbhm02pN1a8/g==",
            "event_based_hold": false,
            "id": "cloud-work-314310-function-src-34f1c82260472086e19b4da93756bcfe.zip",
            "kms_key_name": "",
            "md5hash": "NPHIImBHIIbhm02pN1a8/g==",
            "media_link": "https://storage.googleapis.com/download/storage/v1/b/cloud-work-314310-function/o/src-34f1c82260472086e19b4da93756bcfe.zip?generation=1657034740224369\u0026alt=media",
            "metadata": {},
            "name": "src-34f1c82260472086e19b4da93756bcfe.zip",
            "output_name": "src-34f1c82260472086e19b4da93756bcfe.zip",
            "self_link": "https://www.googleapis.com/storage/v1/b/cloud-work-314310-function/o/src-34f1c82260472086e19b4da93756bcfe.zip",
            "source": "/tmp/function.zip",
            "storage_class": "STANDARD",
            "temporary_hold": false,
            "timeouts": null
          },
          "sensitive_attributes": [],
          "private": "eyJlMmJmYjczMC1lY2FhLTExZTYtOGY4OC0zNDM2M2JjN2M0YzAiOnsiY3JlYXRlIjoyNDAwMDAwMDAwMDAsImRlbGV0ZSI6MjQwMDAwMDAwMDAwLCJ1cGRhdGUiOjI0MDAwMDAwMDAwMH19",
          "dependencies": [
            "data.archive_file.source",
            "google_storage_bucket.function_bucket"
          ]
        }
      ]
    }
  ]
}
